// !$*UTF8*$!
{
	archiveVersion = 1;
	classes = {
	};
	objectVersion = 56;
	objects = {

/* Begin PBXBuildFile section */
		C8D96D8629D85F0200F22B71 /* Assets.xcassets in Resources */ = {isa = PBXBuildFile; fileRef = C8D96D8529D85F0200F22B71 /* Assets.xcassets */; };
		C8D96D8929D85F0200F22B71 /* Preview Assets.xcassets in Resources */ = {isa = PBXBuildFile; fileRef = C8D96D8829D85F0200F22B71 /* Preview Assets.xcassets */; };
		C8D96D9429D85F0200F22B71 /* DNSFlipTests.swift in Sources */ = {isa = PBXBuildFile; fileRef = C8D96D9329D85F0200F22B71 /* DNSFlipTests.swift */; };
		C8D96D9E29D85F0200F22B71 /* DNSFlipUITests.swift in Sources */ = {isa = PBXBuildFile; fileRef = C8D96D9D29D85F0200F22B71 /* DNSFlipUITests.swift */; };
		C8D96DA029D85F0200F22B71 /* DNSFlipUITestsLaunchTests.swift in Sources */ = {isa = PBXBuildFile; fileRef = C8D96D9F29D85F0200F22B71 /* DNSFlipUITestsLaunchTests.swift */; };
		C8D96DBB29D8634900F22B71 /* main.swift in Sources */ = {isa = PBXBuildFile; fileRef = C8D96DBA29D8634900F22B71 /* main.swift */; };
		C8F0A00100000000003E7445 /* DNSFlipApp.swift in Sources */ = {isa = PBXBuildFile; fileRef = C8F0A00200000000003E7445 /* DNSFlipApp.swift */; };
		C8F0A00300000000003E7445 /* DNSProfile.swift in Sources */ = {isa = PBXBuildFile; fileRef = C8F0A00400000000003E7445 /* DNSProfile.swift */; };
		C8F0A00500000000003E7445 /* ProfileStore.swift in Sources */ = {isa = PBXBuildFile; fileRef = C8F0A00600000000003E7445 /* ProfileStore.swift */; };
		C8FA000100000000003E7445 /* com.bootstrap.DNSFlip.helper.plist in CopyFiles */ = {isa = PBXBuildFile; fileRef = C8FA000800000000003E7445 /* com.bootstrap.DNSFlip.helper.plist */; };
		C8FA000200000000003E7445 /* DNSFlipHelper in CopyFiles */ = {isa = PBXBuildFile; fileRef = C8D96DB829D8634900F22B71 /* DNSSwitchHelper */; };
		C8FA000300000000003E7445 /* DNSHelperProtocol.swift in Sources */ = {isa = PBXBuildFile; fileRef = C8FA000A00000000003E7445 /* DNSHelperProtocol.swift */; };
		C8FA000400000000003E7445 /* DNSHelperProtocol.swift in Sources */ = {isa = PBXBuildFile; fileRef = C8FA000A00000000003E7445 /* DNSHelperProtocol.swift */; };
		C8FA001200000000003E7445 /* HelperClient.swift in Sources */ = {isa = PBXBuildFile; fileRef = C8FA001000000000003E7445 /* HelperClient.swift */; };
		C8FA001300000000003E7445 /* AppStore.swift in Sources */ = {isa = PBXBuildFile; fileRef = C8FA001100000000003E7445 /* AppStore.swift */; };
		C8SC001500000000003E7445 /* SystemConfiguration.framework in Frameworks */ = {isa = PBXBuildFile; fileRef = C8SC001400000000003E7445 /* SystemConfiguration.framework */; };
		C8SC001700000000003E7445 /* DNSConfigurator.swift in Sources */ = {isa = PBXBuildFile; fileRef = C8SC001600000000003E7445 /* DNSConfigurator.swift */; };
/* End PBXBuildFile section */

/* Begin PBXContainerItemProxy section */
		C8D96D9029D85F0200F22B71 /* PBXContainerItemProxy */ = {
			isa = PBXContainerItemProxy;
			containerPortal = C8D96D7629D85F0200F22B71 /* Project object */;
			proxyType = 1;
			remoteGlobalIDString = C8D96D7D29D85F0200F22B71;
			remoteInfo = DNSFlip;
		};
		C8D96D9A29D85F0200F22B71 /* PBXContainerItemProxy */ = {
			isa = PBXContainerItemProxy;
			containerPortal = C8D96D7629D85F0200F22B71 /* Project object */;
			proxyType = 1;
			remoteGlobalIDString = C8D96D7D29D85F0200F22B71;
			remoteInfo = DNSFlip;
		};
		C8FA000500000000003E7445 /* PBXContainerItemProxy */ = {
			isa = PBXContainerItemProxy;
			containerPortal = C8D96D7629D85F0200F22B71 /* Project object */;
			proxyType = 1;
			remoteGlobalIDString = C8D96DB729D8634900F22B71;
			remoteInfo = DNSSwitchHelper;
		};
/* End PBXContainerItemProxy section */

/* Begin PBXCopyFilesBuildPhase section */
		C8D96DB629D8634900F22B71 /* CopyFiles */ = {
			isa = PBXCopyFilesBuildPhase;
			buildActionMask = 2147483647;
			dstPath = /usr/share/man/man1/;
			dstSubfolderSpec = 0;
			files = (
			);
			runOnlyForDeploymentPostprocessing = 1;
		};
		C8FA000600000000003E7445 /* CopyHelperBinary */ = {
			isa = PBXCopyFilesBuildPhase;
			buildActionMask = 2147483647;
			dstPath = "";
			dstSubfolderSpec = 6;
			files = (
				C8FA000200000000003E7445 /* DNSFlipHelper in CopyFiles */,
			);
			name = CopyHelperBinary;
			runOnlyForDeploymentPostprocessing = 0;
		};
		C8FA000700000000003E7445 /* CopyLaunchDaemonPlist */ = {
			isa = PBXCopyFilesBuildPhase;
			buildActionMask = 2147483647;
			dstPath = "Contents/Library/LaunchDaemons";
			dstSubfolderSpec = 1;
			files = (
				C8FA000100000000003E7445 /* com.bootstrap.DNSFlip.helper.plist in CopyFiles */,
			);
			name = CopyLaunchDaemonPlist;
			runOnlyForDeploymentPostprocessing = 0;
		};
/* End PBXCopyFilesBuildPhase section */

/* Begin PBXFileReference section */
		C8D96D7E29D85F0200F22B71 /* DNSFlip.app */ = {isa = PBXFileReference; explicitFileType = wrapper.application; includeInIndex = 0; path = DNSFlip.app; sourceTree = BUILT_PRODUCTS_DIR; };
		C8D96D8529D85F0200F22B71 /* Assets.xcassets */ = {isa = PBXFileReference; lastKnownFileType = folder.assetcatalog; path = Assets.xcassets; sourceTree = "<group>"; };
		C8D96D8829D85F0200F22B71 /* Preview Assets.xcassets */ = {isa = PBXFileReference; lastKnownFileType = folder.assetcatalog; path = "Preview Assets.xcassets"; sourceTree = "<group>"; };
		C8D96D8A29D85F0200F22B71 /* DNSFlip.entitlements */ = {isa = PBXFileReference; lastKnownFileType = text.plist.entitlements; path = DNSFlip.entitlements; sourceTree = "<group>"; };
		C8D96D8F29D85F0200F22B71 /* DNSFlipTests.xctest */ = {isa = PBXFileReference; explicitFileType = wrapper.cfbundle; includeInIndex = 0; path = DNSFlipTests.xctest; sourceTree = BUILT_PRODUCTS_DIR; };
		C8D96D9329D85F0200F22B71 /* DNSFlipTests.swift */ = {isa = PBXFileReference; lastKnownFileType = sourcecode.swift; path = DNSFlipTests.swift; sourceTree = "<group>"; };
		C8D96D9929D85F0200F22B71 /* DNSFlipUITests.xctest */ = {isa = PBXFileReference; explicitFileType = wrapper.cfbundle; includeInIndex = 0; path = DNSFlipUITests.xctest; sourceTree = BUILT_PRODUCTS_DIR; };
		C8D96D9D29D85F0200F22B71 /* DNSFlipUITests.swift */ = {isa = PBXFileReference; lastKnownFileType = sourcecode.swift; path = DNSFlipUITests.swift; sourceTree = "<group>"; };
		C8D96D9F29D85F0200F22B71 /* DNSFlipUITestsLaunchTests.swift */ = {isa = PBXFileReference; lastKnownFileType = sourcecode.swift; path = DNSFlipUITestsLaunchTests.swift; sourceTree = "<group>"; };
		C8D96DB829D8634900F22B71 /* DNSSwitchHelper */ = {isa = PBXFileReference; explicitFileType = "compiled.mach-o.executable"; includeInIndex = 0; path = DNSSwitchHelper; sourceTree = BUILT_PRODUCTS_DIR; };
		C8D96DBA29D8634900F22B71 /* main.swift */ = {isa = PBXFileReference; lastKnownFileType = sourcecode.swift; path = main.swift; sourceTree = "<group>"; };
		C8F0A00200000000003E7445 /* DNSFlipApp.swift */ = {isa = PBXFileReference; lastKnownFileType = sourcecode.swift; path = DNSFlipApp.swift; sourceTree = "<group>"; };
		C8F0A00400000000003E7445 /* DNSProfile.swift */ = {isa = PBXFileReference; lastKnownFileType = sourcecode.swift; path = DNSProfile.swift; sourceTree = "<group>"; };
		C8F0A00600000000003E7445 /* ProfileStore.swift */ = {isa = PBXFileReference; lastKnownFileType = sourcecode.swift; path = ProfileStore.swift; sourceTree = "<group>"; };
		C8FA000800000000003E7445 /* com.bootstrap.DNSFlip.helper.plist */ = {isa = PBXFileReference; lastKnownFileType = text.plist.xml; path = "com.bootstrap.DNSFlip.helper.plist"; sourceTree = "<group>"; };
		C8FA000900000000003E7445 /* Info.plist */ = {isa = PBXFileReference; lastKnownFileType = text.plist.xml; path = Info.plist; sourceTree = "<group>"; };
		C8FA000A00000000003E7445 /* DNSHelperProtocol.swift */ = {isa = PBXFileReference; lastKnownFileType = sourcecode.swift; path = DNSHelperProtocol.swift; sourceTree = "<group>"; };
		C8FA001000000000003E7445 /* HelperClient.swift */ = {isa = PBXFileReference; lastKnownFileType = sourcecode.swift; path = HelperClient.swift; sourceTree = "<group>"; };
		C8FA001100000000003E7445 /* AppStore.swift */ = {isa = PBXFileReference; lastKnownFileType = sourcecode.swift; path = AppStore.swift; sourceTree = "<group>"; };
		C8SC001400000000003E7445 /* SystemConfiguration.framework */ = {isa = PBXFileReference; lastKnownFileType = wrapper.framework; name = SystemConfiguration.framework; path = System/Library/Frameworks/SystemConfiguration.framework; sourceTree = SDKROOT; };
		C8SC001600000000003E7445 /* DNSConfigurator.swift */ = {isa = PBXFileReference; lastKnownFileType = sourcecode.swift; path = DNSConfigurator.swift; sourceTree = "<group>"; };
/* End PBXFileReference section */

/* Begin PBXFrameworksBuildPhase section */
		C8D96D7B29D85F0200F22B71 /* Frameworks */ = {
			isa = PBXFrameworksBuildPhase;
			buildActionMask = 2147483647;
			files = (
			);
			runOnlyForDeploymentPostprocessing = 0;
		};
		C8D96D8C29D85F0200F22B71 /* Frameworks */ = {
			isa = PBXFrameworksBuildPhase;
			buildActionMask = 2147483647;
			files = (
			);
			runOnlyForDeploymentPostprocessing = 0;
		};
		C8D96D9629D85F0200F22B71 /* Frameworks */ = {
			isa = PBXFrameworksBuildPhase;
			buildActionMask = 2147483647;
			files = (
			);
			runOnlyForDeploymentPostprocessing = 0;
		};
		C8D96DB529D8634900F22B71 /* Frameworks */ = {
			isa = PBXFrameworksBuildPhase;
			buildActionMask = 2147483647;
			files = (
				C8SC001500000000003E7445 /* SystemConfiguration.framework in Frameworks */,
			);
			runOnlyForDeploymentPostprocessing = 0;
		};
/* End PBXFrameworksBuildPhase section */

/* Begin PBXGroup section */
		C8D96D7529D85F0200F22B71 = {
			isa = PBXGroup;
			children = (
				C8D96D8029D85F0200F22B71 /* DNSFlip */,
				C8D96D9229D85F0200F22B71 /* DNSFlipTests */,
				C8D96D9C29D85F0200F22B71 /* DNSFlipUITests */,
				C8D96DB929D8634900F22B71 /* DNSFlipHelper */,
				C8D96D7F29D85F0200F22B71 /* Products */,
			);
			sourceTree = "<group>";
		};
		C8D96D7F29D85F0200F22B71 /* Products */ = {
			isa = PBXGroup;
			children = (
				C8D96D7E29D85F0200F22B71 /* DNSFlip.app */,
				C8D96D8F29D85F0200F22B71 /* DNSFlipTests.xctest */,
				C8D96D9929D85F0200F22B71 /* DNSFlipUITests.xctest */,
				C8D96DB829D8634900F22B71 /* DNSSwitchHelper */,
			);
			name = Products;
			sourceTree = "<group>";
		};
		C8D96D8029D85F0200F22B71 /* DNSFlip */ = {
			isa = PBXGroup;
			children = (
				C8D96D8529D85F0200F22B71 /* Assets.xcassets */,
				C8D96D8A29D85F0200F22B71 /* DNSFlip.entitlements */,
				C8D96D8729D85F0200F22B71 /* Preview Content */,
				C8F0A00200000000003E7445 /* DNSFlipApp.swift */,
				C8F0A00700000000003E7445 /* Models */,
				C8FA000B00000000003E7445 /* IPC */,
			);
			path = DNSFlip;
			sourceTree = "<group>";
		};
		C8FA000B00000000003E7445 /* IPC */ = {
			isa = PBXGroup;
			children = (
				C8FA000A00000000003E7445 /* DNSHelperProtocol.swift */,
				C8FA001000000000003E7445 /* HelperClient.swift */,
			);
			path = IPC;
			sourceTree = "<group>";
		};
		C8F0A00700000000003E7445 /* Models */ = {
			isa = PBXGroup;
			children = (
				C8F0A00400000000003E7445 /* DNSProfile.swift */,
				C8F0A00600000000003E7445 /* ProfileStore.swift */,
				C8FA001100000000003E7445 /* AppStore.swift */,
			);
			path = Models;
			sourceTree = "<group>";
		};
		C8D96D8729D85F0200F22B71 /* Preview Content */ = {
			isa = PBXGroup;
			children = (
				C8D96D8829D85F0200F22B71 /* Preview Assets.xcassets */,
			);
			path = "Preview Content";
			sourceTree = "<group>";
		};
		C8D96D9229D85F0200F22B71 /* DNSFlipTests */ = {
			isa = PBXGroup;
			children = (
				C8D96D9329D85F0200F22B71 /* DNSFlipTests.swift */,
			);
			path = DNSFlipTests;
			sourceTree = "<group>";
		};
		C8D96D9C29D85F0200F22B71 /* DNSFlipUITests */ = {
			isa = PBXGroup;
			children = (
				C8D96D9D29D85F0200F22B71 /* DNSFlipUITests.swift */,
				C8D96D9F29D85F0200F22B71 /* DNSFlipUITestsLaunchTests.swift */,
			);
			path = DNSFlipUITests;
			sourceTree = "<group>";
		};
		C8D96DB929D8634900F22B71 /* DNSFlipHelper */ = {
			isa = PBXGroup;
			children = (
				C8D96DBA29D8634900F22B71 /* main.swift */,
				C8SC001600000000003E7445 /* DNSConfigurator.swift */,
				C8FA000900000000003E7445 /* Info.plist */,
				C8FA000800000000003E7445 /* com.bootstrap.DNSFlip.helper.plist */,
			);
			path = DNSFlipHelper;
			sourceTree = "<group>";
		};
/* End PBXGroup section */

/* Begin PBXNativeTarget section */
		C8D96D7D29D85F0200F22B71 /* DNSFlip */ = {
			isa = PBXNativeTarget;
			buildConfigurationList = C8D96DA329D85F0200F22B71 /* Build configuration list for PBXNativeTarget "DNSFlip" */;
			buildPhases = (
				C8E958CF29D9B2E9003E7445 /* Sources */,
				C8D96D7B29D85F0200F22B71 /* Frameworks */,
				C8D96D7C29D85F0200F22B71 /* Resources */,
				C8D96DBF29D863AE00F22B71 /* ShellScript */,
				C8FA000600000000003E7445 /* CopyHelperBinary */,
				C8FA000700000000003E7445 /* CopyLaunchDaemonPlist */,
			);
			buildRules = (
			);
			dependencies = (
				C8FA000C00000000003E7445 /* PBXTargetDependency */,
			);
			name = DNSFlip;
			productName = DNSFlip;
			productReference = C8D96D7E29D85F0200F22B71 /* DNSFlip.app */;
			productType = "com.apple.product-type.application";
		};
		C8D96D8E29D85F0200F22B71 /* DNSFlipTests */ = {
			isa = PBXNativeTarget;
			buildConfigurationList = C8D96DA629D85F0200F22B71 /* Build configuration list for PBXNativeTarget "DNSFlipTests" */;
			buildPhases = (
				C8D96D8B29D85F0200F22B71 /* Sources */,
				C8D96D8C29D85F0200F22B71 /* Frameworks */,
				C8D96D8D29D85F0200F22B71 /* Resources */,
			);
			buildRules = (
			);
			dependencies = (
				C8D96D9129D85F0200F22B71 /* PBXTargetDependency */,
			);
			name = DNSFlipTests;
			productName = DNSFlipTests;
			productReference = C8D96D8F29D85F0200F22B71 /* DNSFlipTests.xctest */;
			productType = "com.apple.product-type.bundle.unit-test";
		};
		C8D96D9829D85F0200F22B71 /* DNSFlipUITests */ = {
			isa = PBXNativeTarget;
			buildConfigurationList = C8D96DA929D85F0200F22B71 /* Build configuration list for PBXNativeTarget "DNSFlipUITests" */;
			buildPhases = (
				C8D96D9529D85F0200F22B71 /* Sources */,
				C8D96D9629D85F0200F22B71 /* Frameworks */,
				C8D96D9729D85F0200F22B71 /* Resources */,
			);
			buildRules = (
			);
			dependencies = (
				C8D96D9B29D85F0200F22B71 /* PBXTargetDependency */,
			);
			name = DNSFlipUITests;
			productName = DNSFlipUITests;
			productReference = C8D96D9929D85F0200F22B71 /* DNSFlipUITests.xctest */;
			productType = "com.apple.product-type.bundle.ui-testing";
		};
		C8D96DB729D8634900F22B71 /* DNSSwitchHelper */ = {
			isa = PBXNativeTarget;
			buildConfigurationList = C8D96DBC29D8634900F22B71 /* Build configuration list for PBXNativeTarget "DNSSwitchHelper" */;
			buildPhases = (
				C8D96DB429D8634900F22B71 /* Sources */,
				C8D96DB529D8634900F22B71 /* Frameworks */,
				C8D96DB629D8634900F22B71 /* CopyFiles */,
			);
			buildRules = (
			);
			dependencies = (
			);
			name = DNSSwitchHelper;
			productName = DNSSwitchHelper;
			productReference = C8D96DB829D8634900F22B71 /* DNSSwitchHelper */;
			productType = "com.apple.product-type.tool";
		};
/* End PBXNativeTarget section */

/* Begin PBXProject section */
		C8D96D7629D85F0200F22B71 /* Project object */ = {
			isa = PBXProject;
			attributes = {
				BuildIndependentTargetsInParallel = 1;
				LastSwiftUpdateCheck = 1430;
				LastUpgradeCheck = 1430;
				TargetAttributes = {
					C8D96D7D29D85F0200F22B71 = {
						CreatedOnToolsVersion = 14.3;
					};
					C8D96D8E29D85F0200F22B71 = {
						CreatedOnToolsVersion = 14.3;
						TestTargetID = C8D96D7D29D85F0200F22B71;
					};
					C8D96D9829D85F0200F22B71 = {
						CreatedOnToolsVersion = 14.3;
						TestTargetID = C8D96D7D29D85F0200F22B71;
					};
					C8D96DB729D8634900F22B71 = {
						CreatedOnToolsVersion = 14.3;
					};
				};
			};
			buildConfigurationList = C8D96D7929D85F0200F22B71 /* Build configuration list for PBXProject "DNSFlip" */;
			compatibilityVersion = "Xcode 14.0";
			developmentRegion = en;
			hasScannedForEncodings = 0;
			knownRegions = (
				en,
				Base,
			);
			mainGroup = C8D96D7529D85F0200F22B71;
			productRefGroup = C8D96D7F29D85F0200F22B71 /* Products */;
			projectDirPath = "";
			projectRoot = "";
			targets = (
				C8D96D7D29D85F0200F22B71 /* DNSFlip */,
				C8D96D8E29D85F0200F22B71 /* DNSFlipTests */,
				C8D96D9829D85F0200F22B71 /* DNSFlipUITests */,
				C8D96DB729D8634900F22B71 /* DNSSwitchHelper */,
			);
		};
/* End PBXProject section */

/* Begin PBXResourcesBuildPhase section */
		C8D96D7C29D85F0200F22B71 /* Resources */ = {
			isa = PBXResourcesBuildPhase;
			buildActionMask = 2147483647;
			files = (
				C8D96D8929D85F0200F22B71 /* Preview Assets.xcassets in Resources */,
				C8D96D8629D85F0200F22B71 /* Assets.xcassets in Resources */,
			);
			runOnlyForDeploymentPostprocessing = 0;
		};
		C8D96D8D29D85F0200F22B71 /* Resources */ = {
			isa = PBXResourcesBuildPhase;
			buildActionMask = 2147483647;
			files = (
			);
			runOnlyForDeploymentPostprocessing = 0;
		};
		C8D96D9729D85F0200F22B71 /* Resources */ = {
			isa = PBXResourcesBuildPhase;
			buildActionMask = 2147483647;
			files = (
			);
			runOnlyForDeploymentPostprocessing = 0;
		};
/* End PBXResourcesBuildPhase section */

/* Begin PBXShellScriptBuildPhase section */
		C8D96DBF29D863AE00F22B71 /* ShellScript */ = {
			isa = PBXShellScriptBuildPhase;
			buildActionMask = 2147483647;
			files = (
			);
			inputFileListPaths = (
			);
			inputPaths = (
			);
			outputFileListPaths = (
			);
			outputPaths = (
			);
			runOnlyForDeploymentPostprocessing = 0;
			shellPath = /bin/sh;
			shellScript = "";
		};
/* End PBXShellScriptBuildPhase section */

/* Begin PBXSourcesBuildPhase section */
		C8D96D8B29D85F0200F22B71 /* Sources */ = {
			isa = PBXSourcesBuildPhase;
			buildActionMask = 2147483647;
			files = (
				C8D96D9429D85F0200F22B71 /* DNSFlipTests.swift in Sources */,
			);
			runOnlyForDeploymentPostprocessing = 0;
		};
		C8D96D9529D85F0200F22B71 /* Sources */ = {
			isa = PBXSourcesBuildPhase;
			buildActionMask = 2147483647;
			files = (
				C8D96D9E29D85F0200F22B71 /* DNSFlipUITests.swift in Sources */,
				C8D96DA029D85F0200F22B71 /* DNSFlipUITestsLaunchTests.swift in Sources */,
			);
			runOnlyForDeploymentPostprocessing = 0;
		};
		C8D96DB429D8634900F22B71 /* Sources */ = {
			isa = PBXSourcesBuildPhase;
			buildActionMask = 2147483647;
			files = (
				C8D96DBB29D8634900F22B71 /* main.swift in Sources */,
				C8FA000400000000003E7445 /* DNSHelperProtocol.swift in Sources */,
				C8SC001700000000003E7445 /* DNSConfigurator.swift in Sources */,
			);
			runOnlyForDeploymentPostprocessing = 0;
		};
		C8E958CF29D9B2E9003E7445 /* Sources */ = {
			isa = PBXSourcesBuildPhase;
			buildActionMask = 2147483647;
			files = (
				C8F0A00100000000003E7445 /* DNSFlipApp.swift in Sources */,
				C8F0A00300000000003E7445 /* DNSProfile.swift in Sources */,
				C8F0A00500000000003E7445 /* ProfileStore.swift in Sources */,
				C8FA000300000000003E7445 /* DNSHelperProtocol.swift in Sources */,
				C8FA001200000000003E7445 /* HelperClient.swift in Sources */,
				C8FA001300000000003E7445 /* AppStore.swift in Sources */,
			);
			runOnlyForDeploymentPostprocessing = 0;
		};
/* End PBXSourcesBuildPhase section */

/* Begin PBXTargetDependency section */
		C8D96D9129D85F0200F22B71 /* PBXTargetDependency */ = {
			isa = PBXTargetDependency;
			target = C8D96D7D29D85F0200F22B71 /* DNSFlip */;
			targetProxy = C8D96D9029D85F0200F22B71 /* PBXContainerItemProxy */;
		};
		C8D96D9B29D85F0200F22B71 /* PBXTargetDependency */ = {
			isa = PBXTargetDependency;
			target = C8D96D7D29D85F0200F22B71 /* DNSFlip */;
			targetProxy = C8D96D9A29D85F0200F22B71 /* PBXContainerItemProxy */;
		};
		C8FA000C00000000003E7445 /* PBXTargetDependency */ = {
			isa = PBXTargetDependency;
			target = C8D96DB729D8634900F22B71 /* DNSSwitchHelper */;
			targetProxy = C8FA000500000000003E7445 /* PBXContainerItemProxy */;
		};
/* End PBXTargetDependency section */

/* Begin XCBuildConfiguration section */
		C8D96DA129D85F0200F22B71 /* Debug */ = {
			isa = XCBuildConfiguration;
			buildSettings = {
				ALWAYS_SEARCH_USER_PATHS = NO;
				CLANG_ANALYZER_NONNULL = YES;
				CLANG_ANALYZER_NUMBER_OBJECT_CONVERSION = YES_AGGRESSIVE;
				CLANG_CXX_LANGUAGE_STANDARD = "gnu++20";
				CLANG_ENABLE_MODULES = YES;
				CLANG_ENABLE_OBJC_ARC = YES;
				CLANG_ENABLE_OBJC_WEAK = YES;
				CLANG_WARN_BLOCK_CAPTURE_AUTORELEASING = YES;
				CLANG_WARN_BOOL_CONVERSION = YES;
				CLANG_WARN_COMMA = YES;
				CLANG_WARN_CONSTANT_CONVERSION = YES;
				CLANG_WARN_DEPRECATED_OBJC_IMPLEMENTATIONS = YES;
				CLANG_WARN_DIRECT_OBJC_ISA_USAGE = YES_ERROR;
				CLANG_WARN_DOCUMENTATION_COMMENTS = YES;
				CLANG_WARN_EMPTY_BODY = YES;
				CLANG_WARN_ENUM_CONVERSION = YES;
				CLANG_WARN_INFINITE_RECURSION = YES;
				CLANG_WARN_INT_CONVERSION = YES;
				CLANG_WARN_NON_LITERAL_NULL_CONVERSION = YES;
				CLANG_WARN_OBJC_IMPLICIT_RETAIN_SELF = YES;
				CLANG_WARN_OBJC_LITERAL_CONVERSION = YES;
				CLANG_WARN_OBJC_ROOT_CLASS = YES_ERROR;
				CLANG_WARN_QUOTED_INCLUDE_IN_FRAMEWORK_HEADER = YES;
				CLANG_WARN_RANGE_LOOP_ANALYSIS = YES;
				CLANG_WARN_STRICT_PROTOTYPES = YES;
				CLANG_WARN_SUSPICIOUS_MOVE = YES;
				CLANG_WARN_UNGUARDED_AVAILABILITY = YES_AGGRESSIVE;
				CLANG_WARN_UNREACHABLE_CODE = YES;
				CLANG_WARN__DUPLICATE_METHOD_MATCH = YES;
				COPY_PHASE_STRIP = NO;
				DEBUG_INFORMATION_FORMAT = dwarf;
				ENABLE_STRICT_OBJC_MSGSEND = YES;
				ENABLE_TESTABILITY = YES;
				GCC_C_LANGUAGE_STANDARD = gnu11;
				GCC_DYNAMIC_NO_PIC = NO;
				GCC_NO_COMMON_BLOCKS = YES;
				GCC_OPTIMIZATION_LEVEL = 0;
				GCC_PREPROCESSOR_DEFINITIONS = (
					"DEBUG=1",
					"$(inherited)",
				);
				GCC_WARN_64_TO_32_BIT_CONVERSION = YES;
				GCC_WARN_ABOUT_RETURN_TYPE = YES_ERROR;
				GCC_WARN_UNDECLARED_SELECTOR = YES;
				GCC_WARN_UNINITIALIZED_AUTOS = YES_AGGRESSIVE;
				GCC_WARN_UNUSED_FUNCTION = YES;
				GCC_WARN_UNUSED_VARIABLE = YES;
				MACOSX_DEPLOYMENT_TARGET = 13.3;
				MTL_ENABLE_DEBUG_INFO = INCLUDE_SOURCE;
				MTL_FAST_MATH = YES;
				ONLY_ACTIVE_ARCH = YES;
				SDKROOT = macosx;
				SWIFT_ACTIVE_COMPILATION_CONDITIONS = DEBUG;
				SWIFT_OPTIMIZATION_LEVEL = "-Onone";
			};
			name = Debug;
		};
		C8D96DA229D85F0200F22B71 /* Release */ = {
			isa = XCBuildConfiguration;
			buildSettings = {
				ALWAYS_SEARCH_USER_PATHS = NO;
				CLANG_ANALYZER_NONNULL = YES;
				CLANG_ANALYZER_NUMBER_OBJECT_CONVERSION = YES_AGGRESSIVE;
				CLANG_CXX_LANGUAGE_STANDARD = "gnu++20";
				CLANG_ENABLE_MODULES = YES;
				CLANG_ENABLE_OBJC_ARC = YES;
				CLANG_ENABLE_OBJC_WEAK = YES;
				CLANG_WARN_BLOCK_CAPTURE_AUTORELEASING = YES;
				CLANG_WARN_BOOL_CONVERSION = YES;
				CLANG_WARN_COMMA = YES;
				CLANG_WARN_CONSTANT_CONVERSION = YES;
				CLANG_WARN_DEPRECATED_OBJC_IMPLEMENTATIONS = YES;
				CLANG_WARN_DIRECT_OBJC_ISA_USAGE = YES_ERROR;
				CLANG_WARN_DOCUMENTATION_COMMENTS = YES;
				CLANG_WARN_EMPTY_BODY = YES;
				CLANG_WARN_ENUM_CONVERSION = YES;
				CLANG_WARN_INFINITE_RECURSION = YES;
				CLANG_WARN_INT_CONVERSION = YES;
				CLANG_WARN_NON_LITERAL_NULL_CONVERSION = YES;
				CLANG_WARN_OBJC_IMPLICIT_RETAIN_SELF = YES;
				CLANG_WARN_OBJC_LITERAL_CONVERSION = YES;
				CLANG_WARN_OBJC_ROOT_CLASS = YES_ERROR;
				CLANG_WARN_QUOTED_INCLUDE_IN_FRAMEWORK_HEADER = YES;
				CLANG_WARN_RANGE_LOOP_ANALYSIS = YES;
				CLANG_WARN_STRICT_PROTOTYPES = YES;
				CLANG_WARN_SUSPICIOUS_MOVE = YES;
				CLANG_WARN_UNGUARDED_AVAILABILITY = YES_AGGRESSIVE;
				CLANG_WARN_UNREACHABLE_CODE = YES;
				CLANG_WARN__DUPLICATE_METHOD_MATCH = YES;
				COPY_PHASE_STRIP = NO;
				DEBUG_INFORMATION_FORMAT = "dwarf-with-dsym";
				ENABLE_NS_ASSERTIONS = NO;
				ENABLE_STRICT_OBJC_MSGSEND = YES;
				GCC_C_LANGUAGE_STANDARD = gnu11;
				GCC_NO_COMMON_BLOCKS = YES;
				GCC_WARN_64_TO_32_BIT_CONVERSION = YES;
				GCC_WARN_ABOUT_RETURN_TYPE = YES_ERROR;
				GCC_WARN_UNDECLARED_SELECTOR = YES;
				GCC_WARN_UNINITIALIZED_AUTOS = YES_AGGRESSIVE;
				GCC_WARN_UNUSED_FUNCTION = YES;
				GCC_WARN_UNUSED_VARIABLE = YES;
				MACOSX_DEPLOYMENT_TARGET = 13.3;
				MTL_ENABLE_DEBUG_INFO = NO;
				MTL_FAST_MATH = YES;
				SDKROOT = macosx;
				SWIFT_COMPILATION_MODE = wholemodule;
				SWIFT_OPTIMIZATION_LEVEL = "-O";
			};
			name = Release;
		};
		C8D96DA429D85F0200F22B71 /* Debug */ = {
			isa = XCBuildConfiguration;
			buildSettings = {
				ASSETCATALOG_COMPILER_APPICON_NAME = AppIcon;
				ASSETCATALOG_COMPILER_GLOBAL_ACCENT_COLOR_NAME = AccentColor;
				CODE_SIGN_ENTITLEMENTS = DNSFlip/DNSFlip.entitlements;
				CODE_SIGN_IDENTITY = "043E45DB8A108B80CDF02FDB35242D0EBA2BA99A";
				CODE_SIGN_STYLE = Manual;
				COMBINE_HIDPI_IMAGES = YES;
				CURRENT_PROJECT_VERSION = 1;
				DEVELOPMENT_ASSET_PATHS = "\"DNSFlip/Preview Content\"";
				DEVELOPMENT_TEAM = 3X7B4F6R56;
				ENABLE_PREVIEWS = YES;
				GENERATE_INFOPLIST_FILE = YES;
				INFOPLIST_KEY_LSApplicationCategoryType = "public.app-category.utilities";
				INFOPLIST_KEY_LSUIElement = YES;
				INFOPLIST_KEY_NSHumanReadableCopyright = "© 2025 Cyril Beslay";
				LD_RUNPATH_SEARCH_PATHS = (
					"$(inherited)",
					"@executable_path/../Frameworks",
				);
				MARKETING_VERSION = 1.0;
				PRODUCT_BUNDLE_IDENTIFIER = com.bootstrap.DNSFlip;
				PRODUCT_NAME = "$(TARGET_NAME)";
				PROVISIONING_PROFILE_SPECIFIER = "";
				SWIFT_EMIT_LOC_STRINGS = YES;
				SWIFT_VERSION = 5.0;
			};
			name = Debug;
		};
		C8D96DA529D85F0200F22B71 /* Release */ = {
			isa = XCBuildConfiguration;
			buildSettings = {
				ASSETCATALOG_COMPILER_APPICON_NAME = AppIcon;
				ASSETCATALOG_COMPILER_GLOBAL_ACCENT_COLOR_NAME = AccentColor;
				CODE_SIGN_ENTITLEMENTS = DNSFlip/DNSFlip.entitlements;
				CODE_SIGN_IDENTITY = "043E45DB8A108B80CDF02FDB35242D0EBA2BA99A";
				CODE_SIGN_STYLE = Manual;
				COMBINE_HIDPI_IMAGES = YES;
				CURRENT_PROJECT_VERSION = 1;
				DEVELOPMENT_ASSET_PATHS = "\"DNSFlip/Preview Content\"";
				DEVELOPMENT_TEAM = 3X7B4F6R56;
				ENABLE_PREVIEWS = YES;
				GENERATE_INFOPLIST_FILE = YES;
				INFOPLIST_KEY_LSApplicationCategoryType = "public.app-category.utilities";
				INFOPLIST_KEY_LSUIElement = YES;
				INFOPLIST_KEY_NSHumanReadableCopyright = "© 2025 Cyril Beslay";
				LD_RUNPATH_SEARCH_PATHS = (
					"$(inherited)",
					"@executable_path/../Frameworks",
				);
				MARKETING_VERSION = 1.0;
				PRODUCT_BUNDLE_IDENTIFIER = com.bootstrap.DNSFlip;
				PRODUCT_NAME = "$(TARGET_NAME)";
				PROVISIONING_PROFILE_SPECIFIER = "";
				SWIFT_EMIT_LOC_STRINGS = YES;
				SWIFT_VERSION = 5.0;
			};
			name = Release;
		};
		C8D96DA729D85F0200F22B71 /* Debug */ = {
			isa = XCBuildConfiguration;
			buildSettings = {
				ALWAYS_EMBED_SWIFT_STANDARD_LIBRARIES = YES;
				BUNDLE_LOADER = "$(TEST_HOST)";
				CODE_SIGN_STYLE = Automatic;
				CURRENT_PROJECT_VERSION = 1;
				GENERATE_INFOPLIST_FILE = YES;
				MACOSX_DEPLOYMENT_TARGET = 13.3;
				MARKETING_VERSION = 1.0;
				PRODUCT_BUNDLE_IDENTIFIER = com.bootstrap.DNSFlipTests;
				PRODUCT_NAME = "$(TARGET_NAME)";
				SWIFT_EMIT_LOC_STRINGS = NO;
				SWIFT_VERSION = 5.0;
				TEST_HOST = "$(BUILT_PRODUCTS_DIR)/DNSFlip.app/$(BUNDLE_EXECUTABLE_FOLDER_PATH)/DNSFlip";
			};
			name = Debug;
		};
		C8D96DA829D85F0200F22B71 /* Release */ = {
			isa = XCBuildConfiguration;
			buildSettings = {
				ALWAYS_EMBED_SWIFT_STANDARD_LIBRARIES = YES;
				BUNDLE_LOADER = "$(TEST_HOST)";
				CODE_SIGN_STYLE = Automatic;
				CURRENT_PROJECT_VERSION = 1;
				GENERATE_INFOPLIST_FILE = YES;
				MACOSX_DEPLOYMENT_TARGET = 13.3;
				MARKETING_VERSION = 1.0;
				PRODUCT_BUNDLE_IDENTIFIER = com.bootstrap.DNSFlipTests;
				PRODUCT_NAME = "$(TARGET_NAME)";
				SWIFT_EMIT_LOC_STRINGS = NO;
				SWIFT_VERSION = 5.0;
				TEST_HOST = "$(BUILT_PRODUCTS_DIR)/DNSFlip.app/$(BUNDLE_EXECUTABLE_FOLDER_PATH)/DNSFlip";
			};
			name = Release;
		};
		C8D96DAA29D85F0200F22B71 /* Debug */ = {
			isa = XCBuildConfiguration;
			buildSettings = {
				ALWAYS_EMBED_SWIFT_STANDARD_LIBRARIES = YES;
				CODE_SIGN_STYLE = Automatic;
				CURRENT_PROJECT_VERSION = 1;
				GENERATE_INFOPLIST_FILE = YES;
				MARKETING_VERSION = 1.0;
				PRODUCT_BUNDLE_IDENTIFIER = com.bootstrap.DNSFlipUITests;
				PRODUCT_NAME = "$(TARGET_NAME)";
				SWIFT_EMIT_LOC_STRINGS = NO;
				SWIFT_VERSION = 5.0;
				TEST_TARGET_NAME = DNSFlip;
			};
			name = Debug;
		};
		C8D96DAB29D85F0200F22B71 /* Release */ = {
			isa = XCBuildConfiguration;
			buildSettings = {
				ALWAYS_EMBED_SWIFT_STANDARD_LIBRARIES = YES;
				CODE_SIGN_STYLE = Automatic;
				CURRENT_PROJECT_VERSION = 1;
				GENERATE_INFOPLIST_FILE = YES;
				MARKETING_VERSION = 1.0;
				PRODUCT_BUNDLE_IDENTIFIER = com.bootstrap.DNSFlipUITests;
				PRODUCT_NAME = "$(TARGET_NAME)";
				SWIFT_EMIT_LOC_STRINGS = NO;
				SWIFT_VERSION = 5.0;
				TEST_TARGET_NAME = DNSFlip;
			};
			name = Release;
		};
		C8D96DBD29D8634900F22B71 /* Debug */ = {
			isa = XCBuildConfiguration;
			buildSettings = {
				CODE_SIGN_IDENTITY = "043E45DB8A108B80CDF02FDB35242D0EBA2BA99A";
				CODE_SIGN_STYLE = Manual;
				CURRENT_PROJECT_VERSION = 1;
				DEVELOPMENT_TEAM = 3X7B4F6R56;
				GENERATE_INFOPLIST_FILE = NO;
				MACOSX_DEPLOYMENT_TARGET = 13.3;
				MARKETING_VERSION = 1.0;
				OTHER_LDFLAGS = "-sectcreate __TEXT __info_plist $(SRCROOT)/DNSFlipHelper/Info.plist";
				PRODUCT_BUNDLE_IDENTIFIER = com.bootstrap.DNSFlip.helper;
				PRODUCT_NAME = DNSFlipHelper;
				PROVISIONING_PROFILE_SPECIFIER = "";
				SWIFT_VERSION = 5.0;
			};
			name = Debug;
		};
		C8D96DBE29D8634900F22B71 /* Release */ = {
			isa = XCBuildConfiguration;
			buildSettings = {
				CODE_SIGN_IDENTITY = "043E45DB8A108B80CDF02FDB35242D0EBA2BA99A";
				CODE_SIGN_STYLE = Manual;
				CURRENT_PROJECT_VERSION = 1;
				DEVELOPMENT_TEAM = 3X7B4F6R56;
				GENERATE_INFOPLIST_FILE = NO;
				MACOSX_DEPLOYMENT_TARGET = 13.3;
				MARKETING_VERSION = 1.0;
				OTHER_LDFLAGS = "-sectcreate __TEXT __info_plist $(SRCROOT)/DNSFlipHelper/Info.plist";
				PRODUCT_BUNDLE_IDENTIFIER = com.bootstrap.DNSFlip.helper;
				PRODUCT_NAME = DNSFlipHelper;
				PROVISIONING_PROFILE_SPECIFIER = "";
				SWIFT_VERSION = 5.0;
			};
			name = Release;
		};
/* End XCBuildConfiguration section */

/* Begin XCConfigurationList section */
		C8D96D7929D85F0200F22B71 /* Build configuration list for PBXProject "DNSFlip" */ = {
			isa = XCConfigurationList;
			buildConfigurations = (
				C8D96DA129D85F0200F22B71 /* Debug */,
				C8D96DA229D85F0200F22B71 /* Release */,
			);
			defaultConfigurationIsVisible = 0;
			defaultConfigurationName = Release;
		};
		C8D96DA329D85F0200F22B71 /* Build configuration list for PBXNativeTarget "DNSFlip" */ = {
			isa = XCConfigurationList;
			buildConfigurations = (
				C8D96DA429D85F0200F22B71 /* Debug */,
				C8D96DA529D85F0200F22B71 /* Release */,
			);
			defaultConfigurationIsVisible = 0;
			defaultConfigurationName = Release;
		};
		C8D96DA629D85F0200F22B71 /* Build configuration list for PBXNativeTarget "DNSFlipTests" */ = {
			isa = XCConfigurationList;
			buildConfigurations = (
				C8D96DA729D85F0200F22B71 /* Debug */,
				C8D96DA829D85F0200F22B71 /* Release */,
			);
			defaultConfigurationIsVisible = 0;
			defaultConfigurationName = Release;
		};
		C8D96DA929D85F0200F22B71 /* Build configuration list for PBXNativeTarget "DNSFlipUITests" */ = {
			isa = XCConfigurationList;
			buildConfigurations = (
				C8D96DAA29D85F0200F22B71 /* Debug */,
				C8D96DAB29D85F0200F22B71 /* Release */,
			);
			defaultConfigurationIsVisible = 0;
			defaultConfigurationName = Release;
		};
		C8D96DBC29D8634900F22B71 /* Build configuration list for PBXNativeTarget "DNSSwitchHelper" */ = {
			isa = XCConfigurationList;
			buildConfigurations = (
				C8D96DBD29D8634900F22B71 /* Debug */,
				C8D96DBE29D8634900F22B71 /* Release */,
			);
			defaultConfigurationIsVisible = 0;
			defaultConfigurationName = Release;
		};
/* End XCConfigurationList section */
	};
	rootObject = C8D96D7629D85F0200F22B71 /* Project object */;
}
