// !$*UTF8*$!
{
	archiveVersion = 1;
	classes = {
	};
	objectVersion = 56;
	objects = {

/* Begin PBXBuildFile section */
		C8D96D8629D85F0200F22B71 /* Assets.xcassets in Resources */ = {isa = PBXBuildFile; fileRef = C8D96D8529D85F0200F22B71 /* Assets.xcassets */; };
		C8D96D8929D85F0200F22B71 /* Preview Assets.xcassets in Resources */ = {isa = PBXBuildFile; fileRef = C8D96D8829D85F0200F22B71 /* Preview Assets.xcassets */; };
		C8D96D9429D85F0200F22B71 /* DNSSwitcherTests.swift in Sources */ = {isa = PBXBuildFile; fileRef = C8D96D9329D85F0200F22B71 /* DNSSwitcherTests.swift */; };
		C8D96D9E29D85F0200F22B71 /* DNSSwitcherUITests.swift in Sources */ = {isa = PBXBuildFile; fileRef = C8D96D9D29D85F0200F22B71 /* DNSSwitcherUITests.swift */; };
		C8D96DA029D85F0200F22B71 /* DNSSwitcherUITestsLaunchTests.swift in Sources */ = {isa = PBXBuildFile; fileRef = C8D96D9F29D85F0200F22B71 /* DNSSwitcherUITestsLaunchTests.swift */; };
		C8D96DAF29D8627300F22B71 /* AppDelegate.swift in Sources */ = {isa = PBXBuildFile; fileRef = C8D96DAE29D8627300F22B71 /* AppDelegate.swift */; };
		C8D96DB129D8629500F22B71 /* DNSConfigurationsView.swift in Sources */ = {isa = PBXBuildFile; fileRef = C8D96DB029D8629500F22B71 /* DNSConfigurationsView.swift */; };
		C8D96DB329D8631100F22B71 /* DNSConfigForm.swift in Sources */ = {isa = PBXBuildFile; fileRef = C8D96DB229D8631100F22B71 /* DNSConfigForm.swift */; };
		C8D96DBB29D8634900F22B71 /* main.swift in Sources */ = {isa = PBXBuildFile; fileRef = C8D96DBA29D8634900F22B71 /* main.swift */; };
/* End PBXBuildFile section */

/* Begin PBXContainerItemProxy section */
		C8D96D9029D85F0200F22B71 /* PBXContainerItemProxy */ = {
			isa = PBXContainerItemProxy;
			containerPortal = C8D96D7629D85F0200F22B71 /* Project object */;
			proxyType = 1;
			remoteGlobalIDString = C8D96D7D29D85F0200F22B71;
			remoteInfo = DNSSwitcher;
		};
		C8D96D9A29D85F0200F22B71 /* PBXContainerItemProxy */ = {
			isa = PBXContainerItemProxy;
			containerPortal = C8D96D7629D85F0200F22B71 /* Project object */;
			proxyType = 1;
			remoteGlobalIDString = C8D96D7D29D85F0200F22B71;
			remoteInfo = DNSSwitcher;
		};
/* End PBXContainerItemProxy section */

/* Begin PBXCopyFilesBuildPhase section */
		C8D96DB629D8634900F22B71 /* CopyFiles */ = {
			isa = PBXCopyFilesBuildPhase;
			buildActionMask = 2147483647;
			dstPath = /usr/share/man/man1/;
			dstSubfolderSpec = 0;
			files = (
			);
			runOnlyForDeploymentPostprocessing = 1;
		};
/* End PBXCopyFilesBuildPhase section */

/* Begin PBXFileReference section */
		C8D96D7E29D85F0200F22B71 /* DNSSwitcher.app */ = {isa = PBXFileReference; explicitFileType = wrapper.application; includeInIndex = 0; path = DNSSwitcher.app; sourceTree = BUILT_PRODUCTS_DIR; };
		C8D96D8529D85F0200F22B71 /* Assets.xcassets */ = {isa = PBXFileReference; lastKnownFileType = folder.assetcatalog; path = Assets.xcassets; sourceTree = "<group>"; };
		C8D96D8829D85F0200F22B71 /* Preview Assets.xcassets */ = {isa = PBXFileReference; lastKnownFileType = folder.assetcatalog; path = "Preview Assets.xcassets"; sourceTree = "<group>"; };
		C8D96D8A29D85F0200F22B71 /* DNSSwitcher.entitlements */ = {isa = PBXFileReference; lastKnownFileType = text.plist.entitlements; path = DNSSwitcher.entitlements; sourceTree = "<group>"; };
		C8D96D8F29D85F0200F22B71 /* DNSSwitcherTests.xctest */ = {isa = PBXFileReference; explicitFileType = wrapper.cfbundle; includeInIndex = 0; path = DNSSwitcherTests.xctest; sourceTree = BUILT_PRODUCTS_DIR; };
		C8D96D9329D85F0200F22B71 /* DNSSwitcherTests.swift */ = {isa = PBXFileReference; lastKnownFileType = sourcecode.swift; path = DNSSwitcherTests.swift; sourceTree = "<group>"; };
		C8D96D9929D85F0200F22B71 /* DNSSwitcherUITests.xctest */ = {isa = PBXFileReference; explicitFileType = wrapper.cfbundle; includeInIndex = 0; path = DNSSwitcherUITests.xctest; sourceTree = BUILT_PRODUCTS_DIR; };
		C8D96D9D29D85F0200F22B71 /* DNSSwitcherUITests.swift */ = {isa = PBXFileReference; lastKnownFileType = sourcecode.swift; path = DNSSwitcherUITests.swift; sourceTree = "<group>"; };
		C8D96D9F29D85F0200F22B71 /* DNSSwitcherUITestsLaunchTests.swift */ = {isa = PBXFileReference; lastKnownFileType = sourcecode.swift; path = DNSSwitcherUITestsLaunchTests.swift; sourceTree = "<group>"; };
		C8D96DAE29D8627300F22B71 /* AppDelegate.swift */ = {isa = PBXFileReference; lastKnownFileType = sourcecode.swift; path = AppDelegate.swift; sourceTree = "<group>"; };
		C8D96DB029D8629500F22B71 /* DNSConfigurationsView.swift */ = {isa = PBXFileReference; lastKnownFileType = sourcecode.swift; path = DNSConfigurationsView.swift; sourceTree = "<group>"; };
		C8D96DB229D8631100F22B71 /* DNSConfigForm.swift */ = {isa = PBXFileReference; lastKnownFileType = sourcecode.swift; path = DNSConfigForm.swift; sourceTree = "<group>"; };
		C8D96DB829D8634900F22B71 /* DNSSwitchHelper */ = {isa = PBXFileReference; explicitFileType = "compiled.mach-o.executable"; includeInIndex = 0; path = DNSSwitchHelper; sourceTree = BUILT_PRODUCTS_DIR; };
		C8D96DBA29D8634900F22B71 /* main.swift */ = {isa = PBXFileReference; lastKnownFileType = sourcecode.swift; path = main.swift; sourceTree = "<group>"; };
/* End PBXFileReference section */

/* Begin PBXFrameworksBuildPhase section */
		C8D96D7B29D85F0200F22B71 /* Frameworks */ = {
			isa = PBXFrameworksBuildPhase;
			buildActionMask = 2147483647;
			files = (
			);
			runOnlyForDeploymentPostprocessing = 0;
		};
		C8D96D8C29D85F0200F22B71 /* Frameworks */ = {
			isa = PBXFrameworksBuildPhase;
			buildActionMask = 2147483647;
			files = (
			);
			runOnlyForDeploymentPostprocessing = 0;
		};
		C8D96D9629D85F0200F22B71 /* Frameworks */ = {
			isa = PBXFrameworksBuildPhase;
			buildActionMask = 2147483647;
			files = (
			);
			runOnlyForDeploymentPostprocessing = 0;
		};
		C8D96DB529D8634900F22B71 /* Frameworks */ = {
			isa = PBXFrameworksBuildPhase;
			buildActionMask = 2147483647;
			files = (
			);
			runOnlyForDeploymentPostprocessing = 0;
		};
/* End PBXFrameworksBuildPhase section */

/* Begin PBXGroup section */
		C8D96D7529D85F0200F22B71 = {
			isa = PBXGroup;
			children = (
				C8D96D8029D85F0200F22B71 /* DNSSwitcher */,
				C8D96D9229D85F0200F22B71 /* DNSSwitcherTests */,
				C8D96D9C29D85F0200F22B71 /* DNSSwitcherUITests */,
				C8D96DB929D8634900F22B71 /* DNSSwitcherHelper */,
				C8D96D7F29D85F0200F22B71 /* Products */,
			);
			sourceTree = "<group>";
		};
		C8D96D7F29D85F0200F22B71 /* Products */ = {
			isa = PBXGroup;
			children = (
				C8D96D7E29D85F0200F22B71 /* DNSSwitcher.app */,
				C8D96D8F29D85F0200F22B71 /* DNSSwitcherTests.xctest */,
				C8D96D9929D85F0200F22B71 /* DNSSwitcherUITests.xctest */,
				C8D96DB829D8634900F22B71 /* DNSSwitchHelper */,
			);
			name = Products;
			sourceTree = "<group>";
		};
		C8D96D8029D85F0200F22B71 /* DNSSwitcher */ = {
			isa = PBXGroup;
			children = (
				C8D96D8529D85F0200F22B71 /* Assets.xcassets */,
				C8D96D8A29D85F0200F22B71 /* DNSSwitcher.entitlements */,
				C8D96D8729D85F0200F22B71 /* Preview Content */,
				C8D96DAE29D8627300F22B71 /* AppDelegate.swift */,
				C8D96DB029D8629500F22B71 /* DNSConfigurationsView.swift */,
				C8D96DB229D8631100F22B71 /* DNSConfigForm.swift */,
			);
			path = DNSSwitcher;
			sourceTree = "<group>";
		};
		C8D96D8729D85F0200F22B71 /* Preview Content */ = {
			isa = PBXGroup;
			children = (
				C8D96D8829D85F0200F22B71 /* Preview Assets.xcassets */,
			);
			path = "Preview Content";
			sourceTree = "<group>";
		};
		C8D96D9229D85F0200F22B71 /* DNSSwitcherTests */ = {
			isa = PBXGroup;
			children = (
				C8D96D9329D85F0200F22B71 /* DNSSwitcherTests.swift */,
			);
			path = DNSSwitcherTests;
			sourceTree = "<group>";
		};
		C8D96D9C29D85F0200F22B71 /* DNSSwitcherUITests */ = {
			isa = PBXGroup;
			children = (
				C8D96D9D29D85F0200F22B71 /* DNSSwitcherUITests.swift */,
				C8D96D9F29D85F0200F22B71 /* DNSSwitcherUITestsLaunchTests.swift */,
			);
			path = DNSSwitcherUITests;
			sourceTree = "<group>";
		};
		C8D96DB929D8634900F22B71 /* DNSSwitcherHelper */ = {
			isa = PBXGroup;
			children = (
				C8D96DBA29D8634900F22B71 /* main.swift */,
			);
			path = DNSSwitcherHelper;
			sourceTree = "<group>";
		};
/* End PBXGroup section */

/* Begin PBXNativeTarget section */
		C8D96D7D29D85F0200F22B71 /* DNSSwitcher */ = {
			isa = PBXNativeTarget;
			buildConfigurationList = C8D96DA329D85F0200F22B71 /* Build configuration list for PBXNativeTarget "DNSSwitcher" */;
			buildPhases = (
				C8D96D7A29D85F0200F22B71 /* Sources */,
				C8D96D7B29D85F0200F22B71 /* Frameworks */,
				C8D96D7C29D85F0200F22B71 /* Resources */,
				C8D96DBF29D863AE00F22B71 /* ShellScript */,
			);
			buildRules = (
			);
			dependencies = (
			);
			name = DNSSwitcher;
			productName = DNSSwitcher;
			productReference = C8D96D7E29D85F0200F22B71 /* DNSSwitcher.app */;
			productType = "com.apple.product-type.application";
		};
		C8D96D8E29D85F0200F22B71 /* DNSSwitcherTests */ = {
			isa = PBXNativeTarget;
			buildConfigurationList = C8D96DA629D85F0200F22B71 /* Build configuration list for PBXNativeTarget "DNSSwitcherTests" */;
			buildPhases = (
				C8D96D8B29D85F0200F22B71 /* Sources */,
				C8D96D8C29D85F0200F22B71 /* Frameworks */,
				C8D96D8D29D85F0200F22B71 /* Resources */,
			);
			buildRules = (
			);
			dependencies = (
				C8D96D9129D85F0200F22B71 /* PBXTargetDependency */,
			);
			name = DNSSwitcherTests;
			productName = DNSSwitcherTests;
			productReference = C8D96D8F29D85F0200F22B71 /* DNSSwitcherTests.xctest */;
			productType = "com.apple.product-type.bundle.unit-test";
		};
		C8D96D9829D85F0200F22B71 /* DNSSwitcherUITests */ = {
			isa = PBXNativeTarget;
			buildConfigurationList = C8D96DA929D85F0200F22B71 /* Build configuration list for PBXNativeTarget "DNSSwitcherUITests" */;
			buildPhases = (
				C8D96D9529D85F0200F22B71 /* Sources */,
				C8D96D9629D85F0200F22B71 /* Frameworks */,
				C8D96D9729D85F0200F22B71 /* Resources */,
			);
			buildRules = (
			);
			dependencies = (
				C8D96D9B29D85F0200F22B71 /* PBXTargetDependency */,
			);
			name = DNSSwitcherUITests;
			productName = DNSSwitcherUITests;
			productReference = C8D96D9929D85F0200F22B71 /* DNSSwitcherUITests.xctest */;
			productType = "com.apple.product-type.bundle.ui-testing";
		};
		C8D96DB729D8634900F22B71 /* DNSSwitchHelper */ = {
			isa = PBXNativeTarget;
			buildConfigurationList = C8D96DBC29D8634900F22B71 /* Build configuration list for PBXNativeTarget "DNSSwitchHelper" */;
			buildPhases = (
				C8D96DB429D8634900F22B71 /* Sources */,
				C8D96DB529D8634900F22B71 /* Frameworks */,
				C8D96DB629D8634900F22B71 /* CopyFiles */,
			);
			buildRules = (
			);
			dependencies = (
			);
			name = DNSSwitchHelper;
			productName = DNSSwitchHelper;
			productReference = C8D96DB829D8634900F22B71 /* DNSSwitchHelper */;
			productType = "com.apple.product-type.tool";
		};
/* End PBXNativeTarget section */

/* Begin PBXProject section */
		C8D96D7629D85F0200F22B71 /* Project object */ = {
			isa = PBXProject;
			attributes = {
				BuildIndependentTargetsInParallel = 1;
				LastSwiftUpdateCheck = 1430;
				LastUpgradeCheck = 1430;
				TargetAttributes = {
					C8D96D7D29D85F0200F22B71 = {
						CreatedOnToolsVersion = 14.3;
					};
					C8D96D8E29D85F0200F22B71 = {
						CreatedOnToolsVersion = 14.3;
						TestTargetID = C8D96D7D29D85F0200F22B71;
					};
					C8D96D9829D85F0200F22B71 = {
						CreatedOnToolsVersion = 14.3;
						TestTargetID = C8D96D7D29D85F0200F22B71;
					};
					C8D96DB729D8634900F22B71 = {
						CreatedOnToolsVersion = 14.3;
					};
				};
			};
			buildConfigurationList = C8D96D7929D85F0200F22B71 /* Build configuration list for PBXProject "DNSSwitcher" */;
			compatibilityVersion = "Xcode 14.0";
			developmentRegion = en;
			hasScannedForEncodings = 0;
			knownRegions = (
				en,
				Base,
			);
			mainGroup = C8D96D7529D85F0200F22B71;
			productRefGroup = C8D96D7F29D85F0200F22B71 /* Products */;
			projectDirPath = "";
			projectRoot = "";
			targets = (
				C8D96D7D29D85F0200F22B71 /* DNSSwitcher */,
				C8D96D8E29D85F0200F22B71 /* DNSSwitcherTests */,
				C8D96D9829D85F0200F22B71 /* DNSSwitcherUITests */,
				C8D96DB729D8634900F22B71 /* DNSSwitchHelper */,
			);
		};
/* End PBXProject section */

/* Begin PBXResourcesBuildPhase section */
		C8D96D7C29D85F0200F22B71 /* Resources */ = {
			isa = PBXResourcesBuildPhase;
			buildActionMask = 2147483647;
			files = (
				C8D96D8929D85F0200F22B71 /* Preview Assets.xcassets in Resources */,
				C8D96D8629D85F0200F22B71 /* Assets.xcassets in Resources */,
			);
			runOnlyForDeploymentPostprocessing = 0;
		};
		C8D96D8D29D85F0200F22B71 /* Resources */ = {
			isa = PBXResourcesBuildPhase;
			buildActionMask = 2147483647;
			files = (
			);
			runOnlyForDeploymentPostprocessing = 0;
		};
		C8D96D9729D85F0200F22B71 /* Resources */ = {
			isa = PBXResourcesBuildPhase;
			buildActionMask = 2147483647;
			files = (
			);
			runOnlyForDeploymentPostprocessing = 0;
		};
/* End PBXResourcesBuildPhase section */

/* Begin PBXShellScriptBuildPhase section */
		C8D96DBF29D863AE00F22B71 /* ShellScript */ = {
			isa = PBXShellScriptBuildPhase;
			buildActionMask = 2147483647;
			files = (
			);
			inputFileListPaths = (
			);
			inputPaths = (
			);
			outputFileListPaths = (
			);
			outputPaths = (
			);
			runOnlyForDeploymentPostprocessing = 0;
			shellPath = run.sh;
			shellScript = "cp \"${BUILT_PRODUCTS_DIR}/${EXECUTABLE_FOLDER_PATH}/../DNSSiwtcherHelper\" \"${BUILT_PRODUCTS_DIR}/${EXECUTABLE_FOLDER_PATH}/../DNSSiwtcherHelper.bundle\"\n";
		};
/* End PBXShellScriptBuildPhase section */

/* Begin PBXSourcesBuildPhase section */
		C8D96D7A29D85F0200F22B71 /* Sources */ = {
			isa = PBXSourcesBuildPhase;
			buildActionMask = 2147483647;
			files = (
				C8D96DB329D8631100F22B71 /* DNSConfigForm.swift in Sources */,
				C8D96DAF29D8627300F22B71 /* AppDelegate.swift in Sources */,
				C8D96DB129D8629500F22B71 /* DNSConfigurationsView.swift in Sources */,
			);
			runOnlyForDeploymentPostprocessing = 0;
		};
		C8D96D8B29D85F0200F22B71 /* Sources */ = {
			isa = PBXSourcesBuildPhase;
			buildActionMask = 2147483647;
			files = (
				C8D96D9429D85F0200F22B71 /* DNSSwitcherTests.swift in Sources */,
			);
			runOnlyForDeploymentPostprocessing = 0;
		};
		C8D96D9529D85F0200F22B71 /* Sources */ = {
			isa = PBXSourcesBuildPhase;
			buildActionMask = 2147483647;
			files = (
				C8D96D9E29D85F0200F22B71 /* DNSSwitcherUITests.swift in Sources */,
				C8D96DA029D85F0200F22B71 /* DNSSwitcherUITestsLaunchTests.swift in Sources */,
			);
			runOnlyForDeploymentPostprocessing = 0;
		};
		C8D96DB429D8634900F22B71 /* Sources */ = {
			isa = PBXSourcesBuildPhase;
			buildActionMask = 2147483647;
			files = (
				C8D96DBB29D8634900F22B71 /* main.swift in Sources */,
			);
			runOnlyForDeploymentPostprocessing = 0;
		};
/* End PBXSourcesBuildPhase section */

/* Begin PBXTargetDependency section */
		C8D96D9129D85F0200F22B71 /* PBXTargetDependency */ = {
			isa = PBXTargetDependency;
			target = C8D96D7D29D85F0200F22B71 /* DNSSwitcher */;
			targetProxy = C8D96D9029D85F0200F22B71 /* PBXContainerItemProxy */;
		};
		C8D96D9B29D85F0200F22B71 /* PBXTargetDependency */ = {
			isa = PBXTargetDependency;
			target = C8D96D7D29D85F0200F22B71 /* DNSSwitcher */;
			targetProxy = C8D96D9A29D85F0200F22B71 /* PBXContainerItemProxy */;
		};
/* End PBXTargetDependency section */

/* Begin XCBuildConfiguration section */
		C8D96DA129D85F0200F22B71 /* Debug */ = {
			isa = XCBuildConfiguration;
			buildSettings = {
				ALWAYS_SEARCH_USER_PATHS = NO;
				CLANG_ANALYZER_NONNULL = YES;
				CLANG_ANALYZER_NUMBER_OBJECT_CONVERSION = YES_AGGRESSIVE;
				CLANG_CXX_LANGUAGE_STANDARD = "gnu++20";
				CLANG_ENABLE_MODULES = YES;
				CLANG_ENABLE_OBJC_ARC = YES;
				CLANG_ENABLE_OBJC_WEAK = YES;
				CLANG_WARN_BLOCK_CAPTURE_AUTORELEASING = YES;
				CLANG_WARN_BOOL_CONVERSION = YES;
				CLANG_WARN_COMMA = YES;
				CLANG_WARN_CONSTANT_CONVERSION = YES;
				CLANG_WARN_DEPRECATED_OBJC_IMPLEMENTATIONS = YES;
				CLANG_WARN_DIRECT_OBJC_ISA_USAGE = YES_ERROR;
				CLANG_WARN_DOCUMENTATION_COMMENTS = YES;
				CLANG_WARN_EMPTY_BODY = YES;
				CLANG_WARN_ENUM_CONVERSION = YES;
				CLANG_WARN_INFINITE_RECURSION = YES;
				CLANG_WARN_INT_CONVERSION = YES;
				CLANG_WARN_NON_LITERAL_NULL_CONVERSION = YES;
				CLANG_WARN_OBJC_IMPLICIT_RETAIN_SELF = YES;
				CLANG_WARN_OBJC_LITERAL_CONVERSION = YES;
				CLANG_WARN_OBJC_ROOT_CLASS = YES_ERROR;
				CLANG_WARN_QUOTED_INCLUDE_IN_FRAMEWORK_HEADER = YES;
				CLANG_WARN_RANGE_LOOP_ANALYSIS = YES;
				CLANG_WARN_STRICT_PROTOTYPES = YES;
				CLANG_WARN_SUSPICIOUS_MOVE = YES;
				CLANG_WARN_UNGUARDED_AVAILABILITY = YES_AGGRESSIVE;
				CLANG_WARN_UNREACHABLE_CODE = YES;
				CLANG_WARN__DUPLICATE_METHOD_MATCH = YES;
				COPY_PHASE_STRIP = NO;
				DEBUG_INFORMATION_FORMAT = dwarf;
				ENABLE_STRICT_OBJC_MSGSEND = YES;
				ENABLE_TESTABILITY = YES;
				GCC_C_LANGUAGE_STANDARD = gnu11;
				GCC_DYNAMIC_NO_PIC = NO;
				GCC_NO_COMMON_BLOCKS = YES;
				GCC_OPTIMIZATION_LEVEL = 0;
				GCC_PREPROCESSOR_DEFINITIONS = (
					"DEBUG=1",
					"$(inherited)",
				);
				GCC_WARN_64_TO_32_BIT_CONVERSION = YES;
				GCC_WARN_ABOUT_RETURN_TYPE = YES_ERROR;
				GCC_WARN_UNDECLARED_SELECTOR = YES;
				GCC_WARN_UNINITIALIZED_AUTOS = YES_AGGRESSIVE;
				GCC_WARN_UNUSED_FUNCTION = YES;
				GCC_WARN_UNUSED_VARIABLE = YES;
				MACOSX_DEPLOYMENT_TARGET = 13.3;
				MTL_ENABLE_DEBUG_INFO = INCLUDE_SOURCE;
				MTL_FAST_MATH = YES;
				ONLY_ACTIVE_ARCH = YES;
				SDKROOT = macosx;
				SWIFT_ACTIVE_COMPILATION_CONDITIONS = DEBUG;
				SWIFT_OPTIMIZATION_LEVEL = "-Onone";
			};
			name = Debug;
		};
		C8D96DA229D85F0200F22B71 /* Release */ = {
			isa = XCBuildConfiguration;
			buildSettings = {
				ALWAYS_SEARCH_USER_PATHS = NO;
				CLANG_ANALYZER_NONNULL = YES;
				CLANG_ANALYZER_NUMBER_OBJECT_CONVERSION = YES_AGGRESSIVE;
				CLANG_CXX_LANGUAGE_STANDARD = "gnu++20";
				CLANG_ENABLE_MODULES = YES;
				CLANG_ENABLE_OBJC_ARC = YES;
				CLANG_ENABLE_OBJC_WEAK = YES;
				CLANG_WARN_BLOCK_CAPTURE_AUTORELEASING = YES;
				CLANG_WARN_BOOL_CONVERSION = YES;
				CLANG_WARN_COMMA = YES;
				CLANG_WARN_CONSTANT_CONVERSION = YES;
				CLANG_WARN_DEPRECATED_OBJC_IMPLEMENTATIONS = YES;
				CLANG_WARN_DIRECT_OBJC_ISA_USAGE = YES_ERROR;
				CLANG_WARN_DOCUMENTATION_COMMENTS = YES;
				CLANG_WARN_EMPTY_BODY = YES;
				CLANG_WARN_ENUM_CONVERSION = YES;
				CLANG_WARN_INFINITE_RECURSION = YES;
				CLANG_WARN_INT_CONVERSION = YES;
				CLANG_WARN_NON_LITERAL_NULL_CONVERSION = YES;
				CLANG_WARN_OBJC_IMPLICIT_RETAIN_SELF = YES;
				CLANG_WARN_OBJC_LITERAL_CONVERSION = YES;
				CLANG_WARN_OBJC_ROOT_CLASS = YES_ERROR;
				CLANG_WARN_QUOTED_INCLUDE_IN_FRAMEWORK_HEADER = YES;
				CLANG_WARN_RANGE_LOOP_ANALYSIS = YES;
				CLANG_WARN_STRICT_PROTOTYPES = YES;
				CLANG_WARN_SUSPICIOUS_MOVE = YES;
				CLANG_WARN_UNGUARDED_AVAILABILITY = YES_AGGRESSIVE;
				CLANG_WARN_UNREACHABLE_CODE = YES;
				CLANG_WARN__DUPLICATE_METHOD_MATCH = YES;
				COPY_PHASE_STRIP = NO;
				DEBUG_INFORMATION_FORMAT = "dwarf-with-dsym";
				ENABLE_NS_ASSERTIONS = NO;
				ENABLE_STRICT_OBJC_MSGSEND = YES;
				GCC_C_LANGUAGE_STANDARD = gnu11;
				GCC_NO_COMMON_BLOCKS = YES;
				GCC_WARN_64_TO_32_BIT_CONVERSION = YES;
				GCC_WARN_ABOUT_RETURN_TYPE = YES_ERROR;
				GCC_WARN_UNDECLARED_SELECTOR = YES;
				GCC_WARN_UNINITIALIZED_AUTOS = YES_AGGRESSIVE;
				GCC_WARN_UNUSED_FUNCTION = YES;
				GCC_WARN_UNUSED_VARIABLE = YES;
				MACOSX_DEPLOYMENT_TARGET = 13.3;
				MTL_ENABLE_DEBUG_INFO = NO;
				MTL_FAST_MATH = YES;
				SDKROOT = macosx;
				SWIFT_COMPILATION_MODE = wholemodule;
				SWIFT_OPTIMIZATION_LEVEL = "-O";
			};
			name = Release;
		};
		C8D96DA429D85F0200F22B71 /* Debug */ = {
			isa = XCBuildConfiguration;
			buildSettings = {
				ASSETCATALOG_COMPILER_APPICON_NAME = AppIcon;
				ASSETCATALOG_COMPILER_GLOBAL_ACCENT_COLOR_NAME = AccentColor;
				CODE_SIGN_ENTITLEMENTS = DNSSwitcher/DNSSwitcher.entitlements;
				"CODE_SIGN_IDENTITY[sdk=macosx*]" = "Apple Development";
				CODE_SIGN_STYLE = Automatic;
				COMBINE_HIDPI_IMAGES = YES;
				CURRENT_PROJECT_VERSION = 1;
				DEVELOPMENT_ASSET_PATHS = "\"DNSSwitcher/Preview Content\"";
				DEVELOPMENT_TEAM = 3X7B4F6R56;
				ENABLE_PREVIEWS = YES;
				GENERATE_INFOPLIST_FILE = YES;
				INFOPLIST_KEY_NSHumanReadableCopyright = "";
				LD_RUNPATH_SEARCH_PATHS = (
					"$(inherited)",
					"@executable_path/../Frameworks",
				);
				MARKETING_VERSION = 1.0;
				PRODUCT_BUNDLE_IDENTIFIER = fr.fotozik.DNSSwitcher;
				PRODUCT_NAME = "$(TARGET_NAME)";
				SWIFT_EMIT_LOC_STRINGS = YES;
				SWIFT_VERSION = 5.0;
			};
			name = Debug;
		};
		C8D96DA529D85F0200F22B71 /* Release */ = {
			isa = XCBuildConfiguration;
			buildSettings = {
				ASSETCATALOG_COMPILER_APPICON_NAME = AppIcon;
				ASSETCATALOG_COMPILER_GLOBAL_ACCENT_COLOR_NAME = AccentColor;
				CODE_SIGN_ENTITLEMENTS = DNSSwitcher/DNSSwitcher.entitlements;
				"CODE_SIGN_IDENTITY[sdk=macosx*]" = "Apple Development";
				CODE_SIGN_STYLE = Automatic;
				COMBINE_HIDPI_IMAGES = YES;
				CURRENT_PROJECT_VERSION = 1;
				DEVELOPMENT_ASSET_PATHS = "\"DNSSwitcher/Preview Content\"";
				DEVELOPMENT_TEAM = 3X7B4F6R56;
				ENABLE_PREVIEWS = YES;
				GENERATE_INFOPLIST_FILE = YES;
				INFOPLIST_KEY_NSHumanReadableCopyright = "";
				LD_RUNPATH_SEARCH_PATHS = (
					"$(inherited)",
					"@executable_path/../Frameworks",
				);
				MARKETING_VERSION = 1.0;
				PRODUCT_BUNDLE_IDENTIFIER = fr.fotozik.DNSSwitcher;
				PRODUCT_NAME = "$(TARGET_NAME)";
				SWIFT_EMIT_LOC_STRINGS = YES;
				SWIFT_VERSION = 5.0;
			};
			name = Release;
		};
		C8D96DA729D85F0200F22B71 /* Debug */ = {
			isa = XCBuildConfiguration;
			buildSettings = {
				ALWAYS_EMBED_SWIFT_STANDARD_LIBRARIES = YES;
				BUNDLE_LOADER = "$(TEST_HOST)";
				CODE_SIGN_STYLE = Automatic;
				CURRENT_PROJECT_VERSION = 1;
				GENERATE_INFOPLIST_FILE = YES;
				MACOSX_DEPLOYMENT_TARGET = 13.3;
				MARKETING_VERSION = 1.0;
				PRODUCT_BUNDLE_IDENTIFIER = fr.fotozik.DNSSwitcherTests;
				PRODUCT_NAME = "$(TARGET_NAME)";
				SWIFT_EMIT_LOC_STRINGS = NO;
				SWIFT_VERSION = 5.0;
				TEST_HOST = "$(BUILT_PRODUCTS_DIR)/DNSSwitcher.app/$(BUNDLE_EXECUTABLE_FOLDER_PATH)/DNSSwitcher";
			};
			name = Debug;
		};
		C8D96DA829D85F0200F22B71 /* Release */ = {
			isa = XCBuildConfiguration;
			buildSettings = {
				ALWAYS_EMBED_SWIFT_STANDARD_LIBRARIES = YES;
				BUNDLE_LOADER = "$(TEST_HOST)";
				CODE_SIGN_STYLE = Automatic;
				CURRENT_PROJECT_VERSION = 1;
				GENERATE_INFOPLIST_FILE = YES;
				MACOSX_DEPLOYMENT_TARGET = 13.3;
				MARKETING_VERSION = 1.0;
				PRODUCT_BUNDLE_IDENTIFIER = fr.fotozik.DNSSwitcherTests;
				PRODUCT_NAME = "$(TARGET_NAME)";
				SWIFT_EMIT_LOC_STRINGS = NO;
				SWIFT_VERSION = 5.0;
				TEST_HOST = "$(BUILT_PRODUCTS_DIR)/DNSSwitcher.app/$(BUNDLE_EXECUTABLE_FOLDER_PATH)/DNSSwitcher";
			};
			name = Release;
		};
		C8D96DAA29D85F0200F22B71 /* Debug */ = {
			isa = XCBuildConfiguration;
			buildSettings = {
				ALWAYS_EMBED_SWIFT_STANDARD_LIBRARIES = YES;
				CODE_SIGN_STYLE = Automatic;
				CURRENT_PROJECT_VERSION = 1;
				GENERATE_INFOPLIST_FILE = YES;
				MARKETING_VERSION = 1.0;
				PRODUCT_BUNDLE_IDENTIFIER = fr.fotozik.DNSSwitcherUITests;
				PRODUCT_NAME = "$(TARGET_NAME)";
				SWIFT_EMIT_LOC_STRINGS = NO;
				SWIFT_VERSION = 5.0;
				TEST_TARGET_NAME = DNSSwitcher;
			};
			name = Debug;
		};
		C8D96DAB29D85F0200F22B71 /* Release */ = {
			isa = XCBuildConfiguration;
			buildSettings = {
				ALWAYS_EMBED_SWIFT_STANDARD_LIBRARIES = YES;
				CODE_SIGN_STYLE = Automatic;
				CURRENT_PROJECT_VERSION = 1;
				GENERATE_INFOPLIST_FILE = YES;
				MARKETING_VERSION = 1.0;
				PRODUCT_BUNDLE_IDENTIFIER = fr.fotozik.DNSSwitcherUITests;
				PRODUCT_NAME = "$(TARGET_NAME)";
				SWIFT_EMIT_LOC_STRINGS = NO;
				SWIFT_VERSION = 5.0;
				TEST_TARGET_NAME = DNSSwitcher;
			};
			name = Release;
		};
		C8D96DBD29D8634900F22B71 /* Debug */ = {
			isa = XCBuildConfiguration;
			buildSettings = {
				CODE_SIGN_STYLE = Automatic;
				PRODUCT_NAME = "$(TARGET_NAME)";
				SWIFT_VERSION = 5.0;
			};
			name = Debug;
		};
		C8D96DBE29D8634900F22B71 /* Release */ = {
			isa = XCBuildConfiguration;
			buildSettings = {
				CODE_SIGN_STYLE = Automatic;
				PRODUCT_NAME = "$(TARGET_NAME)";
				SWIFT_VERSION = 5.0;
			};
			name = Release;
		};
/* End XCBuildConfiguration section */

/* Begin XCConfigurationList section */
		C8D96D7929D85F0200F22B71 /* Build configuration list for PBXProject "DNSSwitcher" */ = {
			isa = XCConfigurationList;
			buildConfigurations = (
				C8D96DA129D85F0200F22B71 /* Debug */,
				C8D96DA229D85F0200F22B71 /* Release */,
			);
			defaultConfigurationIsVisible = 0;
			defaultConfigurationName = Release;
		};
		C8D96DA329D85F0200F22B71 /* Build configuration list for PBXNativeTarget "DNSSwitcher" */ = {
			isa = XCConfigurationList;
			buildConfigurations = (
				C8D96DA429D85F0200F22B71 /* Debug */,
				C8D96DA529D85F0200F22B71 /* Release */,
			);
			defaultConfigurationIsVisible = 0;
			defaultConfigurationName = Release;
		};
		C8D96DA629D85F0200F22B71 /* Build configuration list for PBXNativeTarget "DNSSwitcherTests" */ = {
			isa = XCConfigurationList;
			buildConfigurations = (
				C8D96DA729D85F0200F22B71 /* Debug */,
				C8D96DA829D85F0200F22B71 /* Release */,
			);
			defaultConfigurationIsVisible = 0;
			defaultConfigurationName = Release;
		};
		C8D96DA929D85F0200F22B71 /* Build configuration list for PBXNativeTarget "DNSSwitcherUITests" */ = {
			isa = XCConfigurationList;
			buildConfigurations = (
				C8D96DAA29D85F0200F22B71 /* Debug */,
				C8D96DAB29D85F0200F22B71 /* Release */,
			);
			defaultConfigurationIsVisible = 0;
			defaultConfigurationName = Release;
		};
		C8D96DBC29D8634900F22B71 /* Build configuration list for PBXNativeTarget "DNSSwitchHelper" */ = {
			isa = XCConfigurationList;
			buildConfigurations = (
				C8D96DBD29D8634900F22B71 /* Debug */,
				C8D96DBE29D8634900F22B71 /* Release */,
			);
			defaultConfigurationIsVisible = 0;
			defaultConfigurationName = Release;
		};
/* End XCConfigurationList section */
	};
	rootObject = C8D96D7629D85F0200F22B71 /* Project object */;
}
